
Microsoft Visual Studio Solution File, Format Version 12.00
# Visual Studio Version 17
VisualStudioVersion = 17.13.35806.99 d17.13
MinimumVisualStudioVersion = 10.0.40219.1
Project("{8BC9CEB8-8B4A-11D0-8D11-00A0C91BC942}") = "diplomovka02", "diplomovka02\diplomovka02.vcxproj", "{8619B00A-0F2A-4075-AB7B-D9EB25B40869}"
EndProject
Global
	GlobalSection(SolutionConfigurationPlatforms) = preSolution
		Debug|x64 = Debug|x64
		Release|x64 = Release|x64
	EndGlobalSection
	GlobalSection(ProjectConfigurationPlatforms) = postSolution
		{8619B00A-0F2A-4075-AB7B-D9EB25B40869}.Debug|x64.ActiveCfg = Debug|x64
		{8619B00A-0F2A-4075-AB7B-D9EB25B40869}.Debug|x64.Build.0 = Debug|x64
		{8619B00A-0F2A-4075-AB7B-D9EB25B40869}.Release|x64.ActiveCfg = Release|x64
		{8619B00A-0F2A-4075-AB7B-D9EB25B40869}.Release|x64.Build.0 = Release|x64
	EndGlobalSection
	GlobalSection(SolutionProperties) = preSolution
		HideSolutionNode = FALSE
	EndGlobalSection
	GlobalSection(ExtensibilityGlobals) = postSolution
		SolutionGuid = {E7AE5564-3ECD-492F-B1C5-9F897DA54BE3}
	EndGlobalSection
EndGlobal
